// !$*UTF8*$!
{
	archiveVersion = 1;
	classes = {
	};
	objectVersion = 56;
	objects = {

/* Begin PBXBuildFile section */
		1F6581382C8EF4BB000C4C32 /* DetailViewController.swift in Sources */ = {isa = PBXBuildFile; fileRef = 1F6581372C8EF4BB000C4C32 /* DetailViewController.swift */; };
		1F65813B2C8EF530000C4C32 /* NetworkManager.swift in Sources */ = {isa = PBXBuildFile; fileRef = 1F65813A2C8EF530000C4C32 /* NetworkManager.swift */; };
		1F65813D2C8EF553000C4C32 /* NetworkRequest.swift in Sources */ = {isa = PBXBuildFile; fileRef = 1F65813C2C8EF553000C4C32 /* NetworkRequest.swift */; };
		1F65813F2C8EF560000C4C32 /* NetworkTask.swift in Sources */ = {isa = PBXBuildFile; fileRef = 1F65813E2C8EF560000C4C32 /* NetworkTask.swift */; };
		1F6581432C8EF601000C4C32 /* DetailViewPresenter.swift in Sources */ = {isa = PBXBuildFile; fileRef = 1F6581422C8EF601000C4C32 /* DetailViewPresenter.swift */; };
		1F6581462C8EF61D000C4C32 /* DetailViewControllerProtocol.swift in Sources */ = {isa = PBXBuildFile; fileRef = 1F6581452C8EF61D000C4C32 /* DetailViewControllerProtocol.swift */; };
		1F6581482C8EF62E000C4C32 /* DetailViewPresenterProtocol.swift in Sources */ = {isa = PBXBuildFile; fileRef = 1F6581472C8EF62E000C4C32 /* DetailViewPresenterProtocol.swift */; };
		1F65814A2C8EF641000C4C32 /* DetailView.swift in Sources */ = {isa = PBXBuildFile; fileRef = 1F6581492C8EF640000C4C32 /* DetailView.swift */; };
		1F65814D2C8EF666000C4C32 /* SearchViewControllerProtocol.swift in Sources */ = {isa = PBXBuildFile; fileRef = 1F65814C2C8EF666000C4C32 /* SearchViewControllerProtocol.swift */; };
		1F65814F2C8EF67A000C4C32 /* SearchPresenterProtocol.swift in Sources */ = {isa = PBXBuildFile; fileRef = 1F65814E2C8EF67A000C4C32 /* SearchPresenterProtocol.swift */; };
		1F6581512C8EF68A000C4C32 /* SearchPresenter.swift in Sources */ = {isa = PBXBuildFile; fileRef = 1F6581502C8EF68A000C4C32 /* SearchPresenter.swift */; };
		1F6581532C8EF696000C4C32 /* SearchViewCell.swift in Sources */ = {isa = PBXBuildFile; fileRef = 1F6581522C8EF696000C4C32 /* SearchViewCell.swift */; };
		1F6581552C8F80F8000C4C32 /* CustomNavigationController.swift in Sources */ = {isa = PBXBuildFile; fileRef = 1F6581542C8F80F8000C4C32 /* CustomNavigationController.swift */; };
		1F6581572C8F8461000C4C32 /* DetailViewDelegate.swift in Sources */ = {isa = PBXBuildFile; fileRef = 1F6581562C8F8461000C4C32 /* DetailViewDelegate.swift */; };
		1F65815A2C8F8820000C4C32 /* PhotoCollectionCellModel.swift in Sources */ = {isa = PBXBuildFile; fileRef = 1F6581592C8F8820000C4C32 /* PhotoCollectionCellModel.swift */; };
		1F65815C2C90BE69000C4C32 /* Resourse.swift in Sources */ = {isa = PBXBuildFile; fileRef = 1F65815B2C90BE69000C4C32 /* Resourse.swift */; };
		1F65815F2C9180DA000C4C32 /* UIImageView+extension.swift in Sources */ = {isa = PBXBuildFile; fileRef = 1F65815E2C9180DA000C4C32 /* UIImageView+extension.swift */; };
		1F6581612C918118000C4C32 /* UITableViewCell + extension.swift in Sources */ = {isa = PBXBuildFile; fileRef = 1F6581602C918118000C4C32 /* UITableViewCell + extension.swift */; };
		1F6581632C918122000C4C32 /* UICollectionViewCell + extension.swift in Sources */ = {isa = PBXBuildFile; fileRef = 1F6581622C918122000C4C32 /* UICollectionViewCell + extension.swift */; };
		1F6581662C918518000C4C32 /* ImageCacheManager.swift in Sources */ = {isa = PBXBuildFile; fileRef = 1F6581652C918518000C4C32 /* ImageCacheManager.swift */; };
		1F6581692C91854F000C4C32 /* DIContainer.swift in Sources */ = {isa = PBXBuildFile; fileRef = 1F6581682C91854F000C4C32 /* DIContainer.swift */; };
		1F65816B2C918585000C4C32 /* ModuleAssembly.swift in Sources */ = {isa = PBXBuildFile; fileRef = 1F65816A2C918585000C4C32 /* ModuleAssembly.swift */; };
		1F6581702C91868E000C4C32 /* PhotoSearchService.swift in Sources */ = {isa = PBXBuildFile; fileRef = 1F65816F2C91868E000C4C32 /* PhotoSearchService.swift */; };
		1F6581722C9186D9000C4C32 /* NetworkConstant.swift in Sources */ = {isa = PBXBuildFile; fileRef = 1F6581712C9186D9000C4C32 /* NetworkConstant.swift */; };
		1F6581752C91B53E000C4C32 /* SearchPhotoGetRequest.swift in Sources */ = {isa = PBXBuildFile; fileRef = 1F6581742C91B53E000C4C32 /* SearchPhotoGetRequest.swift */; };
		1F6581782C91D867000C4C32 /* SearchHistoryStorage.swift in Sources */ = {isa = PBXBuildFile; fileRef = 1F6581772C91D867000C4C32 /* SearchHistoryStorage.swift */; };
		1FC07D892C8EDD420066F468 /* AppDelegate.swift in Sources */ = {isa = PBXBuildFile; fileRef = 1FC07D882C8EDD420066F468 /* AppDelegate.swift */; };
		1FC07D8B2C8EDD420066F468 /* SceneDelegate.swift in Sources */ = {isa = PBXBuildFile; fileRef = 1FC07D8A2C8EDD420066F468 /* SceneDelegate.swift */; };
		1FC07D8D2C8EDD420066F468 /* SearchViewController.swift in Sources */ = {isa = PBXBuildFile; fileRef = 1FC07D8C2C8EDD420066F468 /* SearchViewController.swift */; };
		1FC07D922C8EDD440066F468 /* Assets.xcassets in Resources */ = {isa = PBXBuildFile; fileRef = 1FC07D912C8EDD440066F468 /* Assets.xcassets */; };
		1FC07D952C8EDD440066F468 /* Base in Resources */ = {isa = PBXBuildFile; fileRef = 1FC07D942C8EDD440066F468 /* Base */; };
/* End PBXBuildFile section */

/* Begin PBXFileReference section */
		1F6581372C8EF4BB000C4C32 /* DetailViewController.swift */ = {isa = PBXFileReference; lastKnownFileType = sourcecode.swift; path = DetailViewController.swift; sourceTree = "<group>"; };
		1F65813A2C8EF530000C4C32 /* NetworkManager.swift */ = {isa = PBXFileReference; lastKnownFileType = sourcecode.swift; path = NetworkManager.swift; sourceTree = "<group>"; };
		1F65813C2C8EF553000C4C32 /* NetworkRequest.swift */ = {isa = PBXFileReference; lastKnownFileType = sourcecode.swift; path = NetworkRequest.swift; sourceTree = "<group>"; };
		1F65813E2C8EF560000C4C32 /* NetworkTask.swift */ = {isa = PBXFileReference; lastKnownFileType = sourcecode.swift; path = NetworkTask.swift; sourceTree = "<group>"; };
		1F6581422C8EF601000C4C32 /* DetailViewPresenter.swift */ = {isa = PBXFileReference; lastKnownFileType = sourcecode.swift; path = DetailViewPresenter.swift; sourceTree = "<group>"; };
		1F6581452C8EF61D000C4C32 /* DetailViewControllerProtocol.swift */ = {isa = PBXFileReference; lastKnownFileType = sourcecode.swift; path = DetailViewControllerProtocol.swift; sourceTree = "<group>"; };
		1F6581472C8EF62E000C4C32 /* DetailViewPresenterProtocol.swift */ = {isa = PBXFileReference; lastKnownFileType = sourcecode.swift; path = DetailViewPresenterProtocol.swift; sourceTree = "<group>"; };
		1F6581492C8EF640000C4C32 /* DetailView.swift */ = {isa = PBXFileReference; lastKnownFileType = sourcecode.swift; path = DetailView.swift; sourceTree = "<group>"; };
		1F65814C2C8EF666000C4C32 /* SearchViewControllerProtocol.swift */ = {isa = PBXFileReference; lastKnownFileType = sourcecode.swift; path = SearchViewControllerProtocol.swift; sourceTree = "<group>"; };
		1F65814E2C8EF67A000C4C32 /* SearchPresenterProtocol.swift */ = {isa = PBXFileReference; lastKnownFileType = sourcecode.swift; path = SearchPresenterProtocol.swift; sourceTree = "<group>"; };
		1F6581502C8EF68A000C4C32 /* SearchPresenter.swift */ = {isa = PBXFileReference; lastKnownFileType = sourcecode.swift; path = SearchPresenter.swift; sourceTree = "<group>"; };
		1F6581522C8EF696000C4C32 /* SearchViewCell.swift */ = {isa = PBXFileReference; lastKnownFileType = sourcecode.swift; path = SearchViewCell.swift; sourceTree = "<group>"; };
		1F6581542C8F80F8000C4C32 /* CustomNavigationController.swift */ = {isa = PBXFileReference; lastKnownFileType = sourcecode.swift; path = CustomNavigationController.swift; sourceTree = "<group>"; };
		1F6581562C8F8461000C4C32 /* DetailViewDelegate.swift */ = {isa = PBXFileReference; lastKnownFileType = sourcecode.swift; path = DetailViewDelegate.swift; sourceTree = "<group>"; };
		1F6581592C8F8820000C4C32 /* PhotoCollectionCellModel.swift */ = {isa = PBXFileReference; lastKnownFileType = sourcecode.swift; path = PhotoCollectionCellModel.swift; sourceTree = "<group>"; };
		1F65815B2C90BE69000C4C32 /* Resourse.swift */ = {isa = PBXFileReference; lastKnownFileType = sourcecode.swift; path = Resourse.swift; sourceTree = "<group>"; };
		1F65815E2C9180DA000C4C32 /* UIImageView+extension.swift */ = {isa = PBXFileReference; lastKnownFileType = sourcecode.swift; path = "UIImageView+extension.swift"; sourceTree = "<group>"; };
		1F6581602C918118000C4C32 /* UITableViewCell + extension.swift */ = {isa = PBXFileReference; lastKnownFileType = sourcecode.swift; path = "UITableViewCell + extension.swift"; sourceTree = "<group>"; };
		1F6581622C918122000C4C32 /* UICollectionViewCell + extension.swift */ = {isa = PBXFileReference; lastKnownFileType = sourcecode.swift; path = "UICollectionViewCell + extension.swift"; sourceTree = "<group>"; };
		1F6581652C918518000C4C32 /* ImageCacheManager.swift */ = {isa = PBXFileReference; lastKnownFileType = sourcecode.swift; path = ImageCacheManager.swift; sourceTree = "<group>"; };
		1F6581682C91854F000C4C32 /* DIContainer.swift */ = {isa = PBXFileReference; lastKnownFileType = sourcecode.swift; path = DIContainer.swift; sourceTree = "<group>"; };
		1F65816A2C918585000C4C32 /* ModuleAssembly.swift */ = {isa = PBXFileReference; lastKnownFileType = sourcecode.swift; path = ModuleAssembly.swift; sourceTree = "<group>"; };
		1F65816F2C91868E000C4C32 /* PhotoSearchService.swift */ = {isa = PBXFileReference; lastKnownFileType = sourcecode.swift; path = PhotoSearchService.swift; sourceTree = "<group>"; };
		1F6581712C9186D9000C4C32 /* NetworkConstant.swift */ = {isa = PBXFileReference; lastKnownFileType = sourcecode.swift; path = NetworkConstant.swift; sourceTree = "<group>"; };
		1F6581742C91B53E000C4C32 /* SearchPhotoGetRequest.swift */ = {isa = PBXFileReference; lastKnownFileType = sourcecode.swift; path = SearchPhotoGetRequest.swift; sourceTree = "<group>"; };
		1F6581772C91D867000C4C32 /* SearchHistoryStorage.swift */ = {isa = PBXFileReference; lastKnownFileType = sourcecode.swift; path = SearchHistoryStorage.swift; sourceTree = "<group>"; };
		1FC07D852C8EDD420066F468 /* tech-internship_avito.app */ = {isa = PBXFileReference; explicitFileType = wrapper.application; includeInIndex = 0; path = "tech-internship_avito.app"; sourceTree = BUILT_PRODUCTS_DIR; };
		1FC07D882C8EDD420066F468 /* AppDelegate.swift */ = {isa = PBXFileReference; lastKnownFileType = sourcecode.swift; path = AppDelegate.swift; sourceTree = "<group>"; };
		1FC07D8A2C8EDD420066F468 /* SceneDelegate.swift */ = {isa = PBXFileReference; lastKnownFileType = sourcecode.swift; path = SceneDelegate.swift; sourceTree = "<group>"; };
		1FC07D8C2C8EDD420066F468 /* SearchViewController.swift */ = {isa = PBXFileReference; lastKnownFileType = sourcecode.swift; path = SearchViewController.swift; sourceTree = "<group>"; };
		1FC07D912C8EDD440066F468 /* Assets.xcassets */ = {isa = PBXFileReference; lastKnownFileType = folder.assetcatalog; path = Assets.xcassets; sourceTree = "<group>"; };
		1FC07D942C8EDD440066F468 /* Base */ = {isa = PBXFileReference; lastKnownFileType = file.storyboard; name = Base; path = Base.lproj/LaunchScreen.storyboard; sourceTree = "<group>"; };
		1FC07D962C8EDD440066F468 /* Info.plist */ = {isa = PBXFileReference; lastKnownFileType = text.plist.xml; path = Info.plist; sourceTree = "<group>"; };
/* End PBXFileReference section */

/* Begin PBXFrameworksBuildPhase section */
		1FC07D822C8EDD420066F468 /* Frameworks */ = {
			isa = PBXFrameworksBuildPhase;
			buildActionMask = 2147483647;
			files = (
			);
			runOnlyForDeploymentPostprocessing = 0;
		};
/* End PBXFrameworksBuildPhase section */

/* Begin PBXGroup section */
		1F6581392C8EF51B000C4C32 /* NetworkManager */ = {
			isa = PBXGroup;
			children = (
				1F65816E2C918675000C4C32 /* Services */,
				1F65813A2C8EF530000C4C32 /* NetworkManager.swift */,
				1F65813C2C8EF553000C4C32 /* NetworkRequest.swift */,
				1F65813E2C8EF560000C4C32 /* NetworkTask.swift */,
				1F6581712C9186D9000C4C32 /* NetworkConstant.swift */,
			);
			path = NetworkManager;
			sourceTree = "<group>";
		};
		1F6581402C8EF57A000C4C32 /* Search */ = {
			isa = PBXGroup;
			children = (
				1F65814B2C8EF650000C4C32 /* Protocols */,
				1FC07D8C2C8EDD420066F468 /* SearchViewController.swift */,
				1F6581502C8EF68A000C4C32 /* SearchPresenter.swift */,
				1F6581522C8EF696000C4C32 /* SearchViewCell.swift */,
			);
			path = Search;
			sourceTree = "<group>";
		};
		1F6581412C8EF58E000C4C32 /* Detail */ = {
			isa = PBXGroup;
			children = (
				1F6581442C8EF60B000C4C32 /* Protocols */,
				1F6581372C8EF4BB000C4C32 /* DetailViewController.swift */,
				1F6581422C8EF601000C4C32 /* DetailViewPresenter.swift */,
				1F6581492C8EF640000C4C32 /* DetailView.swift */,
				1F6581562C8F8461000C4C32 /* DetailViewDelegate.swift */,
			);
			path = Detail;
			sourceTree = "<group>";
		};
		1F6581442C8EF60B000C4C32 /* Protocols */ = {
			isa = PBXGroup;
			children = (
				1F6581452C8EF61D000C4C32 /* DetailViewControllerProtocol.swift */,
				1F6581472C8EF62E000C4C32 /* DetailViewPresenterProtocol.swift */,
			);
			path = Protocols;
			sourceTree = "<group>";
		};
		1F65814B2C8EF650000C4C32 /* Protocols */ = {
			isa = PBXGroup;
			children = (
				1F65814C2C8EF666000C4C32 /* SearchViewControllerProtocol.swift */,
				1F65814E2C8EF67A000C4C32 /* SearchPresenterProtocol.swift */,
			);
			path = Protocols;
			sourceTree = "<group>";
		};
		1F6581582C8F880D000C4C32 /* Models */ = {
			isa = PBXGroup;
			children = (
				1F6581592C8F8820000C4C32 /* PhotoCollectionCellModel.swift */,
			);
			path = Models;
			sourceTree = "<group>";
		};
		1F65815D2C9180C1000C4C32 /* Extensions */ = {
			isa = PBXGroup;
			children = (
				1F65815E2C9180DA000C4C32 /* UIImageView+extension.swift */,
				1F6581602C918118000C4C32 /* UITableViewCell + extension.swift */,
				1F6581622C918122000C4C32 /* UICollectionViewCell + extension.swift */,
			);
			path = Extensions;
			sourceTree = "<group>";
		};
		1F6581642C9184FF000C4C32 /* Helpers */ = {
			isa = PBXGroup;
			children = (
				1F6581652C918518000C4C32 /* ImageCacheManager.swift */,
			);
			path = Helpers;
			sourceTree = "<group>";
		};
		1F6581672C918536000C4C32 /* DIContainer */ = {
			isa = PBXGroup;
			children = (
				1F6581682C91854F000C4C32 /* DIContainer.swift */,
			);
			path = DIContainer;
			sourceTree = "<group>";
		};
		1F65816D2C91859C000C4C32 /* ModuleAssembly */ = {
			isa = PBXGroup;
			children = (
				1F65816A2C918585000C4C32 /* ModuleAssembly.swift */,
			);
			path = ModuleAssembly;
			sourceTree = "<group>";
		};
		1F65816E2C918675000C4C32 /* Services */ = {
			isa = PBXGroup;
			children = (
				1F65816F2C91868E000C4C32 /* PhotoSearchService.swift */,
			);
			path = Services;
			sourceTree = "<group>";
		};
		1F6581732C91B526000C4C32 /* Requests */ = {
			isa = PBXGroup;
			children = (
				1F6581742C91B53E000C4C32 /* SearchPhotoGetRequest.swift */,
			);
			path = Requests;
			sourceTree = "<group>";
		};
		1F6581762C91D813000C4C32 /* Storage */ = {
			isa = PBXGroup;
			children = (
				1F6581772C91D867000C4C32 /* SearchHistoryStorage.swift */,
			);
			path = Storage;
			sourceTree = "<group>";
		};
		1FC07D7C2C8EDD420066F468 = {
			isa = PBXGroup;
			children = (
				1FC07D872C8EDD420066F468 /* tech-internship_avito */,
				1FC07D862C8EDD420066F468 /* Products */,
			);
			sourceTree = "<group>";
		};
		1FC07D862C8EDD420066F468 /* Products */ = {
			isa = PBXGroup;
			children = (
				1FC07D852C8EDD420066F468 /* tech-internship_avito.app */,
			);
			name = Products;
			sourceTree = "<group>";
		};
		1FC07D872C8EDD420066F468 /* tech-internship_avito */ = {
			isa = PBXGroup;
			children = (
				1F6581762C91D813000C4C32 /* Storage */,
				1F6581732C91B526000C4C32 /* Requests */,
				1F65816D2C91859C000C4C32 /* ModuleAssembly */,
				1F65815D2C9180C1000C4C32 /* Extensions */,
				1F6581642C9184FF000C4C32 /* Helpers */,
				1F6581672C918536000C4C32 /* DIContainer */,
				1F6581582C8F880D000C4C32 /* Models */,
				1F6581402C8EF57A000C4C32 /* Search */,
				1F6581412C8EF58E000C4C32 /* Detail */,
				1F6581392C8EF51B000C4C32 /* NetworkManager */,
				1F6581542C8F80F8000C4C32 /* CustomNavigationController.swift */,
				1FC07D882C8EDD420066F468 /* AppDelegate.swift */,
				1FC07D8A2C8EDD420066F468 /* SceneDelegate.swift */,
				1FC07D912C8EDD440066F468 /* Assets.xcassets */,
				1FC07D932C8EDD440066F468 /* LaunchScreen.storyboard */,
				1FC07D962C8EDD440066F468 /* Info.plist */,
				1F65815B2C90BE69000C4C32 /* Resourse.swift */,
			);
			path = "tech-internship_avito";
			sourceTree = "<group>";
		};
/* End PBXGroup section */

/* Begin PBXNativeTarget section */
		1FC07D842C8EDD420066F468 /* tech-internship_avito */ = {
			isa = PBXNativeTarget;
			buildConfigurationList = 1FC07D992C8EDD440066F468 /* Build configuration list for PBXNativeTarget "tech-internship_avito" */;
			buildPhases = (
				1FC07D812C8EDD420066F468 /* Sources */,
				1FC07D822C8EDD420066F468 /* Frameworks */,
				1FC07D832C8EDD420066F468 /* Resources */,
			);
			buildRules = (
			);
			dependencies = (
			);
			name = "tech-internship_avito";
			productName = "tech-internship_avito";
			productReference = 1FC07D852C8EDD420066F468 /* tech-internship_avito.app */;
			productType = "com.apple.product-type.application";
		};
/* End PBXNativeTarget section */

/* Begin PBXProject section */
		1FC07D7D2C8EDD420066F468 /* Project object */ = {
			isa = PBXProject;
			attributes = {
				BuildIndependentTargetsInParallel = 1;
				LastSwiftUpdateCheck = 1540;
				LastUpgradeCheck = 1540;
				TargetAttributes = {
					1FC07D842C8EDD420066F468 = {
						CreatedOnToolsVersion = 15.4;
					};
				};
			};
			buildConfigurationList = 1FC07D802C8EDD420066F468 /* Build configuration list for PBXProject "tech-internship_avito" */;
			compatibilityVersion = "Xcode 14.0";
			developmentRegion = en;
			hasScannedForEncodings = 0;
			knownRegions = (
				en,
				Base,
			);
			mainGroup = 1FC07D7C2C8EDD420066F468;
			productRefGroup = 1FC07D862C8EDD420066F468 /* Products */;
			projectDirPath = "";
			projectRoot = "";
			targets = (
				1FC07D842C8EDD420066F468 /* tech-internship_avito */,
			);
		};
/* End PBXProject section */

/* Begin PBXResourcesBuildPhase section */
		1FC07D832C8EDD420066F468 /* Resources */ = {
			isa = PBXResourcesBuildPhase;
			buildActionMask = 2147483647;
			files = (
				1FC07D922C8EDD440066F468 /* Assets.xcassets in Resources */,
				1FC07D952C8EDD440066F468 /* Base in Resources */,
			);
			runOnlyForDeploymentPostprocessing = 0;
		};
/* End PBXResourcesBuildPhase section */

/* Begin PBXSourcesBuildPhase section */
		1FC07D812C8EDD420066F468 /* Sources */ = {
			isa = PBXSourcesBuildPhase;
			buildActionMask = 2147483647;
			files = (
				1FC07D8D2C8EDD420066F468 /* SearchViewController.swift in Sources */,
				1F6581512C8EF68A000C4C32 /* SearchPresenter.swift in Sources */,
				1F65815A2C8F8820000C4C32 /* PhotoCollectionCellModel.swift in Sources */,
				1F6581532C8EF696000C4C32 /* SearchViewCell.swift in Sources */,
				1F6581692C91854F000C4C32 /* DIContainer.swift in Sources */,
				1FC07D892C8EDD420066F468 /* AppDelegate.swift in Sources */,
				1F6581552C8F80F8000C4C32 /* CustomNavigationController.swift in Sources */,
				1F6581722C9186D9000C4C32 /* NetworkConstant.swift in Sources */,
				1F6581462C8EF61D000C4C32 /* DetailViewControllerProtocol.swift in Sources */,
				1F65813F2C8EF560000C4C32 /* NetworkTask.swift in Sources */,
				1F6581632C918122000C4C32 /* UICollectionViewCell + extension.swift in Sources */,
				1F6581752C91B53E000C4C32 /* SearchPhotoGetRequest.swift in Sources */,
				1F6581482C8EF62E000C4C32 /* DetailViewPresenterProtocol.swift in Sources */,
				1F65813B2C8EF530000C4C32 /* NetworkManager.swift in Sources */,
				1F65815F2C9180DA000C4C32 /* UIImageView+extension.swift in Sources */,
				1F6581572C8F8461000C4C32 /* DetailViewDelegate.swift in Sources */,
				1F65814D2C8EF666000C4C32 /* SearchViewControllerProtocol.swift in Sources */,
				1F65815C2C90BE69000C4C32 /* Resourse.swift in Sources */,
				1F65814F2C8EF67A000C4C32 /* SearchPresenterProtocol.swift in Sources */,
				1FC07D8B2C8EDD420066F468 /* SceneDelegate.swift in Sources */,
				1F65813D2C8EF553000C4C32 /* NetworkRequest.swift in Sources */,
				1F65814A2C8EF641000C4C32 /* DetailView.swift in Sources */,
				1F6581432C8EF601000C4C32 /* DetailViewPresenter.swift in Sources */,
				1F6581782C91D867000C4C32 /* SearchHistoryStorage.swift in Sources */,
				1F6581382C8EF4BB000C4C32 /* DetailViewController.swift in Sources */,
				1F6581702C91868E000C4C32 /* PhotoSearchService.swift in Sources */,
				1F6581612C918118000C4C32 /* UITableViewCell + extension.swift in Sources */,
				1F6581662C918518000C4C32 /* ImageCacheManager.swift in Sources */,
				1F65816B2C918585000C4C32 /* ModuleAssembly.swift in Sources */,
			);
			runOnlyForDeploymentPostprocessing = 0;
		};
/* End PBXSourcesBuildPhase section */

/* Begin PBXVariantGroup section */
		1FC07D932C8EDD440066F468 /* LaunchScreen.storyboard */ = {
			isa = PBXVariantGroup;
			children = (
				1FC07D942C8EDD440066F468 /* Base */,
			);
			name = LaunchScreen.storyboard;
			sourceTree = "<group>";
		};
/* End PBXVariantGroup section */

/* Begin XCBuildConfiguration section */
		1FC07D972C8EDD440066F468 /* Debug */ = {
			isa = XCBuildConfiguration;
			buildSettings = {
				ALWAYS_SEARCH_USER_PATHS = NO;
				ASSETCATALOG_COMPILER_GENERATE_SWIFT_ASSET_SYMBOL_EXTENSIONS = YES;
				CLANG_ANALYZER_NONNULL = YES;
				CLANG_ANALYZER_NUMBER_OBJECT_CONVERSION = YES_AGGRESSIVE;
				CLANG_CXX_LANGUAGE_STANDARD = "gnu++20";
				CLANG_ENABLE_MODULES = YES;
				CLANG_ENABLE_OBJC_ARC = YES;
				CLANG_ENABLE_OBJC_WEAK = YES;
				CLANG_WARN_BLOCK_CAPTURE_AUTORELEASING = YES;
				CLANG_WARN_BOOL_CONVERSION = YES;
				CLANG_WARN_COMMA = YES;
				CLANG_WARN_CONSTANT_CONVERSION = YES;
				CLANG_WARN_DEPRECATED_OBJC_IMPLEMENTATIONS = YES;
				CLANG_WARN_DIRECT_OBJC_ISA_USAGE = YES_ERROR;
				CLANG_WARN_DOCUMENTATION_COMMENTS = YES;
				CLANG_WARN_EMPTY_BODY = YES;
				CLANG_WARN_ENUM_CONVERSION = YES;
				CLANG_WARN_INFINITE_RECURSION = YES;
				CLANG_WARN_INT_CONVERSION = YES;
				CLANG_WARN_NON_LITERAL_NULL_CONVERSION = YES;
				CLANG_WARN_OBJC_IMPLICIT_RETAIN_SELF = YES;
				CLANG_WARN_OBJC_LITERAL_CONVERSION = YES;
				CLANG_WARN_OBJC_ROOT_CLASS = YES_ERROR;
				CLANG_WARN_QUOTED_INCLUDE_IN_FRAMEWORK_HEADER = YES;
				CLANG_WARN_RANGE_LOOP_ANALYSIS = YES;
				CLANG_WARN_STRICT_PROTOTYPES = YES;
				CLANG_WARN_SUSPICIOUS_MOVE = YES;
				CLANG_WARN_UNGUARDED_AVAILABILITY = YES_AGGRESSIVE;
				CLANG_WARN_UNREACHABLE_CODE = YES;
				CLANG_WARN__DUPLICATE_METHOD_MATCH = YES;
				COPY_PHASE_STRIP = NO;
				DEBUG_INFORMATION_FORMAT = dwarf;
				ENABLE_STRICT_OBJC_MSGSEND = YES;
				ENABLE_TESTABILITY = YES;
				ENABLE_USER_SCRIPT_SANDBOXING = YES;
				GCC_C_LANGUAGE_STANDARD = gnu17;
				GCC_DYNAMIC_NO_PIC = NO;
				GCC_NO_COMMON_BLOCKS = YES;
				GCC_OPTIMIZATION_LEVEL = 0;
				GCC_PREPROCESSOR_DEFINITIONS = (
					"DEBUG=1",
					"$(inherited)",
				);
				GCC_WARN_64_TO_32_BIT_CONVERSION = YES;
				GCC_WARN_ABOUT_RETURN_TYPE = YES_ERROR;
				GCC_WARN_UNDECLARED_SELECTOR = YES;
				GCC_WARN_UNINITIALIZED_AUTOS = YES_AGGRESSIVE;
				GCC_WARN_UNUSED_FUNCTION = YES;
				GCC_WARN_UNUSED_VARIABLE = YES;
				IPHONEOS_DEPLOYMENT_TARGET = 17.5;
				LOCALIZATION_PREFERS_STRING_CATALOGS = YES;
				MTL_ENABLE_DEBUG_INFO = INCLUDE_SOURCE;
				MTL_FAST_MATH = YES;
				ONLY_ACTIVE_ARCH = YES;
				SDKROOT = iphoneos;
				SWIFT_ACTIVE_COMPILATION_CONDITIONS = "DEBUG $(inherited)";
				SWIFT_OPTIMIZATION_LEVEL = "-Onone";
			};
			name = Debug;
		};
		1FC07D982C8EDD440066F468 /* Release */ = {
			isa = XCBuildConfiguration;
			buildSettings = {
				ALWAYS_SEARCH_USER_PATHS = NO;
				ASSETCATALOG_COMPILER_GENERATE_SWIFT_ASSET_SYMBOL_EXTENSIONS = YES;
				CLANG_ANALYZER_NONNULL = YES;
				CLANG_ANALYZER_NUMBER_OBJECT_CONVERSION = YES_AGGRESSIVE;
				CLANG_CXX_LANGUAGE_STANDARD = "gnu++20";
				CLANG_ENABLE_MODULES = YES;
				CLANG_ENABLE_OBJC_ARC = YES;
				CLANG_ENABLE_OBJC_WEAK = YES;
				CLANG_WARN_BLOCK_CAPTURE_AUTORELEASING = YES;
				CLANG_WARN_BOOL_CONVERSION = YES;
				CLANG_WARN_COMMA = YES;
				CLANG_WARN_CONSTANT_CONVERSION = YES;
				CLANG_WARN_DEPRECATED_OBJC_IMPLEMENTATIONS = YES;
				CLANG_WARN_DIRECT_OBJC_ISA_USAGE = YES_ERROR;
				CLANG_WARN_DOCUMENTATION_COMMENTS = YES;
				CLANG_WARN_EMPTY_BODY = YES;
				CLANG_WARN_ENUM_CONVERSION = YES;
				CLANG_WARN_INFINITE_RECURSION = YES;
				CLANG_WARN_INT_CONVERSION = YES;
				CLANG_WARN_NON_LITERAL_NULL_CONVERSION = YES;
				CLANG_WARN_OBJC_IMPLICIT_RETAIN_SELF = YES;
				CLANG_WARN_OBJC_LITERAL_CONVERSION = YES;
				CLANG_WARN_OBJC_ROOT_CLASS = YES_ERROR;
				CLANG_WARN_QUOTED_INCLUDE_IN_FRAMEWORK_HEADER = YES;
				CLANG_WARN_RANGE_LOOP_ANALYSIS = YES;
				CLANG_WARN_STRICT_PROTOTYPES = YES;
				CLANG_WARN_SUSPICIOUS_MOVE = YES;
				CLANG_WARN_UNGUARDED_AVAILABILITY = YES_AGGRESSIVE;
				CLANG_WARN_UNREACHABLE_CODE = YES;
				CLANG_WARN__DUPLICATE_METHOD_MATCH = YES;
				COPY_PHASE_STRIP = NO;
				DEBUG_INFORMATION_FORMAT = "dwarf-with-dsym";
				ENABLE_NS_ASSERTIONS = NO;
				ENABLE_STRICT_OBJC_MSGSEND = YES;
				ENABLE_USER_SCRIPT_SANDBOXING = YES;
				GCC_C_LANGUAGE_STANDARD = gnu17;
				GCC_NO_COMMON_BLOCKS = YES;
				GCC_WARN_64_TO_32_BIT_CONVERSION = YES;
				GCC_WARN_ABOUT_RETURN_TYPE = YES_ERROR;
				GCC_WARN_UNDECLARED_SELECTOR = YES;
				GCC_WARN_UNINITIALIZED_AUTOS = YES_AGGRESSIVE;
				GCC_WARN_UNUSED_FUNCTION = YES;
				GCC_WARN_UNUSED_VARIABLE = YES;
				IPHONEOS_DEPLOYMENT_TARGET = 17.5;
				LOCALIZATION_PREFERS_STRING_CATALOGS = YES;
				MTL_ENABLE_DEBUG_INFO = NO;
				MTL_FAST_MATH = YES;
				SDKROOT = iphoneos;
				SWIFT_COMPILATION_MODE = wholemodule;
				VALIDATE_PRODUCT = YES;
			};
			name = Release;
		};
		1FC07D9A2C8EDD440066F468 /* Debug */ = {
			isa = XCBuildConfiguration;
			buildSettings = {
				ASSETCATALOG_COMPILER_APPICON_NAME = AppIcon;
				ASSETCATALOG_COMPILER_GLOBAL_ACCENT_COLOR_NAME = AccentColor;
				CODE_SIGN_STYLE = Automatic;
				CURRENT_PROJECT_VERSION = 1;
				DEVELOPMENT_TEAM = NHPG6G3743;
				GENERATE_INFOPLIST_FILE = YES;
				INFOPLIST_FILE = "tech-internship_avito/Info.plist";
				INFOPLIST_KEY_UIApplicationSupportsIndirectInputEvents = YES;
				INFOPLIST_KEY_UILaunchStoryboardName = LaunchScreen;
				INFOPLIST_KEY_UISupportedInterfaceOrientations_iPad = "UIInterfaceOrientationPortrait UIInterfaceOrientationPortraitUpsideDown UIInterfaceOrientationLandscapeLeft UIInterfaceOrientationLandscapeRight";
				INFOPLIST_KEY_UISupportedInterfaceOrientations_iPhone = "UIInterfaceOrientationPortrait UIInterfaceOrientationLandscapeLeft UIInterfaceOrientationLandscapeRight";
				LD_RUNPATH_SEARCH_PATHS = (
					"$(inherited)",
					"@executable_path/Frameworks",
				);
				MARKETING_VERSION = 1.0;
				PRODUCT_BUNDLE_IDENTIFIER = "ekaterina.iOS.tech-internship-avito";
				PRODUCT_NAME = "$(TARGET_NAME)";
				SWIFT_EMIT_LOC_STRINGS = YES;
				SWIFT_VERSION = 5.0;
				TARGETED_DEVICE_FAMILY = "1,2";
			};
			name = Debug;
		};
		1FC07D9B2C8EDD440066F468 /* Release */ = {
			isa = XCBuildConfiguration;
			buildSettings = {
				ASSETCATALOG_COMPILER_APPICON_NAME = AppIcon;
				ASSETCATALOG_COMPILER_GLOBAL_ACCENT_COLOR_NAME = AccentColor;
				CODE_SIGN_STYLE = Automatic;
				CURRENT_PROJECT_VERSION = 1;
				DEVELOPMENT_TEAM = NHPG6G3743;
				GENERATE_INFOPLIST_FILE = YES;
				INFOPLIST_FILE = "tech-internship_avito/Info.plist";
				INFOPLIST_KEY_UIApplicationSupportsIndirectInputEvents = YES;
				INFOPLIST_KEY_UILaunchStoryboardName = LaunchScreen;
				INFOPLIST_KEY_UISupportedInterfaceOrientations_iPad = "UIInterfaceOrientationPortrait UIInterfaceOrientationPortraitUpsideDown UIInterfaceOrientationLandscapeLeft UIInterfaceOrientationLandscapeRight";
				INFOPLIST_KEY_UISupportedInterfaceOrientations_iPhone = "UIInterfaceOrientationPortrait UIInterfaceOrientationLandscapeLeft UIInterfaceOrientationLandscapeRight";
				LD_RUNPATH_SEARCH_PATHS = (
					"$(inherited)",
					"@executable_path/Frameworks",
				);
				MARKETING_VERSION = 1.0;
				PRODUCT_BUNDLE_IDENTIFIER = "ekaterina.iOS.tech-internship-avito";
				PRODUCT_NAME = "$(TARGET_NAME)";
				SWIFT_EMIT_LOC_STRINGS = YES;
				SWIFT_VERSION = 5.0;
				TARGETED_DEVICE_FAMILY = "1,2";
			};
			name = Release;
		};
/* End XCBuildConfiguration section */

/* Begin XCConfigurationList section */
		1FC07D802C8EDD420066F468 /* Build configuration list for PBXProject "tech-internship_avito" */ = {
			isa = XCConfigurationList;
			buildConfigurations = (
				1FC07D972C8EDD440066F468 /* Debug */,
				1FC07D982C8EDD440066F468 /* Release */,
			);
			defaultConfigurationIsVisible = 0;
			defaultConfigurationName = Release;
		};
		1FC07D992C8EDD440066F468 /* Build configuration list for PBXNativeTarget "tech-internship_avito" */ = {
			isa = XCConfigurationList;
			buildConfigurations = (
				1FC07D9A2C8EDD440066F468 /* Debug */,
				1FC07D9B2C8EDD440066F468 /* Release */,
			);
			defaultConfigurationIsVisible = 0;
			defaultConfigurationName = Release;
		};
/* End XCConfigurationList section */
	};
	rootObject = 1FC07D7D2C8EDD420066F468 /* Project object */;
}
